// !$*UTF8*$!
{
	archiveVersion = 1;
	classes = {
	};
	objectVersion = 56;
	objects = {

/* Begin PBXBuildFile section */
		757A1FD22BB23D1800C2933F /* RealityKitContent in Frameworks */ = {isa = PBXBuildFile; productRef = 757A1FD12BB23D1800C2933F /* RealityKitContent */; };
		757A1FD42BB23D1800C2933F /* containApp.swift in Sources */ = {isa = PBXBuildFile; fileRef = 757A1FD32BB23D1800C2933F /* containApp.swift */; };
		757A1FD62BB23D1800C2933F /* ContentView.swift in Sources */ = {isa = PBXBuildFile; fileRef = 757A1FD52BB23D1800C2933F /* ContentView.swift */; };
		757A1FD82BB23D1800C2933F /* ImmersiveView.swift in Sources */ = {isa = PBXBuildFile; fileRef = 757A1FD72BB23D1800C2933F /* ImmersiveView.swift */; };
		757A1FDA2BB23D1900C2933F /* Assets.xcassets in Resources */ = {isa = PBXBuildFile; fileRef = 757A1FD92BB23D1900C2933F /* Assets.xcassets */; };
		757A1FDD2BB23D1900C2933F /* Preview Assets.xcassets in Resources */ = {isa = PBXBuildFile; fileRef = 757A1FDC2BB23D1900C2933F /* Preview Assets.xcassets */; };
		757A1FE82BB23D1900C2933F /* containTests.swift in Sources */ = {isa = PBXBuildFile; fileRef = 757A1FE72BB23D1900C2933F /* containTests.swift */; };
/* End PBXBuildFile section */

/* Begin PBXContainerItemProxy section */
		757A1FE42BB23D1900C2933F /* PBXContainerItemProxy */ = {
			isa = PBXContainerItemProxy;
			containerPortal = 757A1FC42BB23D1800C2933F /* Project object */;
			proxyType = 1;
			remoteGlobalIDString = 757A1FCB2BB23D1800C2933F;
			remoteInfo = contain;
		};
/* End PBXContainerItemProxy section */

/* Begin PBXFileReference section */
		757A1FCC2BB23D1800C2933F /* contain.app */ = {isa = PBXFileReference; explicitFileType = wrapper.application; includeInIndex = 0; path = contain.app; sourceTree = BUILT_PRODUCTS_DIR; };
		757A1FD02BB23D1800C2933F /* RealityKitContent */ = {isa = PBXFileReference; lastKnownFileType = wrapper; path = RealityKitContent; sourceTree = "<group>"; };
		757A1FD32BB23D1800C2933F /* containApp.swift */ = {isa = PBXFileReference; lastKnownFileType = sourcecode.swift; path = containApp.swift; sourceTree = "<group>"; };
		757A1FD52BB23D1800C2933F /* ContentView.swift */ = {isa = PBXFileReference; lastKnownFileType = sourcecode.swift; path = ContentView.swift; sourceTree = "<group>"; };
		757A1FD72BB23D1800C2933F /* ImmersiveView.swift */ = {isa = PBXFileReference; lastKnownFileType = sourcecode.swift; path = ImmersiveView.swift; sourceTree = "<group>"; };
		757A1FD92BB23D1900C2933F /* Assets.xcassets */ = {isa = PBXFileReference; lastKnownFileType = folder.assetcatalog; path = Assets.xcassets; sourceTree = "<group>"; };
		757A1FDC2BB23D1900C2933F /* Preview Assets.xcassets */ = {isa = PBXFileReference; lastKnownFileType = folder.assetcatalog; path = "Preview Assets.xcassets"; sourceTree = "<group>"; };
		757A1FDE2BB23D1900C2933F /* Info.plist */ = {isa = PBXFileReference; lastKnownFileType = text.plist.xml; path = Info.plist; sourceTree = "<group>"; };
		757A1FE32BB23D1900C2933F /* containTests.xctest */ = {isa = PBXFileReference; explicitFileType = wrapper.cfbundle; includeInIndex = 0; path = containTests.xctest; sourceTree = BUILT_PRODUCTS_DIR; };
		757A1FE72BB23D1900C2933F /* containTests.swift */ = {isa = PBXFileReference; lastKnownFileType = sourcecode.swift; path = containTests.swift; sourceTree = "<group>"; };
/* End PBXFileReference section */

/* Begin PBXFrameworksBuildPhase section */
		757A1FC92BB23D1800C2933F /* Frameworks */ = {
			isa = PBXFrameworksBuildPhase;
			buildActionMask = 2147483647;
			files = (
				757A1FD22BB23D1800C2933F /* RealityKitContent in Frameworks */,
			);
			runOnlyForDeploymentPostprocessing = 0;
		};
		757A1FE02BB23D1900C2933F /* Frameworks */ = {
			isa = PBXFrameworksBuildPhase;
			buildActionMask = 2147483647;
			files = (
			);
			runOnlyForDeploymentPostprocessing = 0;
		};
/* End PBXFrameworksBuildPhase section */

/* Begin PBXGroup section */
		757A1FC32BB23D1800C2933F = {
			isa = PBXGroup;
			children = (
				757A1FCE2BB23D1800C2933F /* contain */,
				757A1FCF2BB23D1800C2933F /* Packages */,
				757A1FE62BB23D1900C2933F /* containTests */,
				757A1FCD2BB23D1800C2933F /* Products */,
			);
			sourceTree = "<group>";
		};
		757A1FCD2BB23D1800C2933F /* Products */ = {
			isa = PBXGroup;
			children = (
				757A1FCC2BB23D1800C2933F /* contain.app */,
				757A1FE32BB23D1900C2933F /* containTests.xctest */,
			);
			name = Products;
			sourceTree = "<group>";
		};
		757A1FCE2BB23D1800C2933F /* contain */ = {
			isa = PBXGroup;
			children = (
				757A1FD32BB23D1800C2933F /* containApp.swift */,
				757A1FD52BB23D1800C2933F /* ContentView.swift */,
				757A1FD72BB23D1800C2933F /* ImmersiveView.swift */,
				757A1FD92BB23D1900C2933F /* Assets.xcassets */,
				757A1FDE2BB23D1900C2933F /* Info.plist */,
				757A1FDB2BB23D1900C2933F /* Preview Content */,
			);
			path = contain;
			sourceTree = "<group>";
		};
		757A1FCF2BB23D1800C2933F /* Packages */ = {
			isa = PBXGroup;
			children = (
				757A1FD02BB23D1800C2933F /* RealityKitContent */,
			);
			path = Packages;
			sourceTree = "<group>";
		};
		757A1FDB2BB23D1900C2933F /* Preview Content */ = {
			isa = PBXGroup;
			children = (
				757A1FDC2BB23D1900C2933F /* Preview Assets.xcassets */,
			);
			path = "Preview Content";
			sourceTree = "<group>";
		};
		757A1FE62BB23D1900C2933F /* containTests */ = {
			isa = PBXGroup;
			children = (
				757A1FE72BB23D1900C2933F /* containTests.swift */,
			);
			path = containTests;
			sourceTree = "<group>";
		};
/* End PBXGroup section */

/* Begin PBXNativeTarget section */
		757A1FCB2BB23D1800C2933F /* contain */ = {
			isa = PBXNativeTarget;
			buildConfigurationList = 757A1FEB2BB23D1900C2933F /* Build configuration list for PBXNativeTarget "contain" */;
			buildPhases = (
				757A1FC82BB23D1800C2933F /* Sources */,
				757A1FC92BB23D1800C2933F /* Frameworks */,
				757A1FCA2BB23D1800C2933F /* Resources */,
			);
			buildRules = (
			);
			dependencies = (
			);
			name = contain;
			packageProductDependencies = (
				757A1FD12BB23D1800C2933F /* RealityKitContent */,
			);
			productName = contain;
			productReference = 757A1FCC2BB23D1800C2933F /* contain.app */;
			productType = "com.apple.product-type.application";
		};
		757A1FE22BB23D1900C2933F /* containTests */ = {
			isa = PBXNativeTarget;
			buildConfigurationList = 757A1FEE2BB23D1900C2933F /* Build configuration list for PBXNativeTarget "containTests" */;
			buildPhases = (
				757A1FDF2BB23D1900C2933F /* Sources */,
				757A1FE02BB23D1900C2933F /* Frameworks */,
				757A1FE12BB23D1900C2933F /* Resources */,
			);
			buildRules = (
			);
			dependencies = (
				757A1FE52BB23D1900C2933F /* PBXTargetDependency */,
			);
			name = containTests;
			productName = containTests;
			productReference = 757A1FE32BB23D1900C2933F /* containTests.xctest */;
			productType = "com.apple.product-type.bundle.unit-test";
		};
/* End PBXNativeTarget section */

/* Begin PBXProject section */
		757A1FC42BB23D1800C2933F /* Project object */ = {
			isa = PBXProject;
			attributes = {
				BuildIndependentTargetsInParallel = 1;
				LastSwiftUpdateCheck = 1530;
				LastUpgradeCheck = 1530;
				TargetAttributes = {
					757A1FCB2BB23D1800C2933F = {
						CreatedOnToolsVersion = 15.3;
					};
					757A1FE22BB23D1900C2933F = {
						CreatedOnToolsVersion = 15.3;
						TestTargetID = 757A1FCB2BB23D1800C2933F;
					};
				};
			};
			buildConfigurationList = 757A1FC72BB23D1800C2933F /* Build configuration list for PBXProject "contain" */;
			compatibilityVersion = "Xcode 14.0";
			developmentRegion = en;
			hasScannedForEncodings = 0;
			knownRegions = (
				en,
				Base,
			);
			mainGroup = 757A1FC32BB23D1800C2933F;
			productRefGroup = 757A1FCD2BB23D1800C2933F /* Products */;
			projectDirPath = "";
			projectRoot = "";
			targets = (
				757A1FCB2BB23D1800C2933F /* contain */,
				757A1FE22BB23D1900C2933F /* containTests */,
			);
		};
/* End PBXProject section */

/* Begin PBXResourcesBuildPhase section */
		757A1FCA2BB23D1800C2933F /* Resources */ = {
			isa = PBXResourcesBuildPhase;
			buildActionMask = 2147483647;
			files = (
				757A1FDD2BB23D1900C2933F /* Preview Assets.xcassets in Resources */,
				757A1FDA2BB23D1900C2933F /* Assets.xcassets in Resources */,
			);
			runOnlyForDeploymentPostprocessing = 0;
		};
		757A1FE12BB23D1900C2933F /* Resources */ = {
			isa = PBXResourcesBuildPhase;
			buildActionMask = 2147483647;
			files = (
			);
			runOnlyForDeploymentPostprocessing = 0;
		};
/* End PBXResourcesBuildPhase section */

/* Begin PBXSourcesBuildPhase section */
		757A1FC82BB23D1800C2933F /* Sources */ = {
			isa = PBXSourcesBuildPhase;
			buildActionMask = 2147483647;
			files = (
				757A1FD62BB23D1800C2933F /* ContentView.swift in Sources */,
				757A1FD42BB23D1800C2933F /* containApp.swift in Sources */,
				757A1FD82BB23D1800C2933F /* ImmersiveView.swift in Sources */,
			);
			runOnlyForDeploymentPostprocessing = 0;
		};
		757A1FDF2BB23D1900C2933F /* Sources */ = {
			isa = PBXSourcesBuildPhase;
			buildActionMask = 2147483647;
			files = (
				757A1FE82BB23D1900C2933F /* containTests.swift in Sources */,
			);
			runOnlyForDeploymentPostprocessing = 0;
		};
/* End PBXSourcesBuildPhase section */

/* Begin PBXTargetDependency section */
		757A1FE52BB23D1900C2933F /* PBXTargetDependency */ = {
			isa = PBXTargetDependency;
			target = 757A1FCB2BB23D1800C2933F /* contain */;
			targetProxy = 757A1FE42BB23D1900C2933F /* PBXContainerItemProxy */;
		};
/* End PBXTargetDependency section */

/* Begin XCBuildConfiguration section */
		757A1FE92BB23D1900C2933F /* Debug */ = {
			isa = XCBuildConfiguration;
			buildSettings = {
				ALWAYS_SEARCH_USER_PATHS = NO;
				ASSETCATALOG_COMPILER_GENERATE_SWIFT_ASSET_SYMBOL_EXTENSIONS = YES;
				CLANG_ANALYZER_NONNULL = YES;
				CLANG_ANALYZER_NUMBER_OBJECT_CONVERSION = YES_AGGRESSIVE;
				CLANG_CXX_LANGUAGE_STANDARD = "gnu++20";
				CLANG_ENABLE_MODULES = YES;
				CLANG_ENABLE_OBJC_ARC = YES;
				CLANG_ENABLE_OBJC_WEAK = YES;
				CLANG_WARN_BLOCK_CAPTURE_AUTORELEASING = YES;
				CLANG_WARN_BOOL_CONVERSION = YES;
				CLANG_WARN_COMMA = YES;
				CLANG_WARN_CONSTANT_CONVERSION = YES;
				CLANG_WARN_DEPRECATED_OBJC_IMPLEMENTATIONS = YES;
				CLANG_WARN_DIRECT_OBJC_ISA_USAGE = YES_ERROR;
				CLANG_WARN_DOCUMENTATION_COMMENTS = YES;
				CLANG_WARN_EMPTY_BODY = YES;
				CLANG_WARN_ENUM_CONVERSION = YES;
				CLANG_WARN_INFINITE_RECURSION = YES;
				CLANG_WARN_INT_CONVERSION = YES;
				CLANG_WARN_NON_LITERAL_NULL_CONVERSION = YES;
				CLANG_WARN_OBJC_IMPLICIT_RETAIN_SELF = YES;
				CLANG_WARN_OBJC_LITERAL_CONVERSION = YES;
				CLANG_WARN_OBJC_ROOT_CLASS = YES_ERROR;
				CLANG_WARN_QUOTED_INCLUDE_IN_FRAMEWORK_HEADER = YES;
				CLANG_WARN_RANGE_LOOP_ANALYSIS = YES;
				CLANG_WARN_STRICT_PROTOTYPES = YES;
				CLANG_WARN_SUSPICIOUS_MOVE = YES;
				CLANG_WARN_UNGUARDED_AVAILABILITY = YES_AGGRESSIVE;
				CLANG_WARN_UNREACHABLE_CODE = YES;
				CLANG_WARN__DUPLICATE_METHOD_MATCH = YES;
				COPY_PHASE_STRIP = NO;
				DEBUG_INFORMATION_FORMAT = dwarf;
				ENABLE_STRICT_OBJC_MSGSEND = YES;
				ENABLE_TESTABILITY = YES;
				ENABLE_USER_SCRIPT_SANDBOXING = YES;
				GCC_C_LANGUAGE_STANDARD = gnu17;
				GCC_DYNAMIC_NO_PIC = NO;
				GCC_NO_COMMON_BLOCKS = YES;
				GCC_OPTIMIZATION_LEVEL = 0;
				GCC_PREPROCESSOR_DEFINITIONS = (
					"DEBUG=1",
					"$(inherited)",
				);
				GCC_WARN_64_TO_32_BIT_CONVERSION = YES;
				GCC_WARN_ABOUT_RETURN_TYPE = YES_ERROR;
				GCC_WARN_UNDECLARED_SELECTOR = YES;
				GCC_WARN_UNINITIALIZED_AUTOS = YES_AGGRESSIVE;
				GCC_WARN_UNUSED_FUNCTION = YES;
				GCC_WARN_UNUSED_VARIABLE = YES;
				LOCALIZATION_PREFERS_STRING_CATALOGS = YES;
				MTL_ENABLE_DEBUG_INFO = INCLUDE_SOURCE;
				MTL_FAST_MATH = YES;
				ONLY_ACTIVE_ARCH = YES;
				SDKROOT = xros;
				SWIFT_ACTIVE_COMPILATION_CONDITIONS = "DEBUG $(inherited)";
				SWIFT_OPTIMIZATION_LEVEL = "-Onone";
				XROS_DEPLOYMENT_TARGET = 1.1;
			};
			name = Debug;
		};
		757A1FEA2BB23D1900C2933F /* Release */ = {
			isa = XCBuildConfiguration;
			buildSettings = {
				ALWAYS_SEARCH_USER_PATHS = NO;
				ASSETCATALOG_COMPILER_GENERATE_SWIFT_ASSET_SYMBOL_EXTENSIONS = YES;
				CLANG_ANALYZER_NONNULL = YES;
				CLANG_ANALYZER_NUMBER_OBJECT_CONVERSION = YES_AGGRESSIVE;
				CLANG_CXX_LANGUAGE_STANDARD = "gnu++20";
				CLANG_ENABLE_MODULES = YES;
				CLANG_ENABLE_OBJC_ARC = YES;
				CLANG_ENABLE_OBJC_WEAK = YES;
				CLANG_WARN_BLOCK_CAPTURE_AUTORELEASING = YES;
				CLANG_WARN_BOOL_CONVERSION = YES;
				CLANG_WARN_COMMA = YES;
				CLANG_WARN_CONSTANT_CONVERSION = YES;
				CLANG_WARN_DEPRECATED_OBJC_IMPLEMENTATIONS = YES;
				CLANG_WARN_DIRECT_OBJC_ISA_USAGE = YES_ERROR;
				CLANG_WARN_DOCUMENTATION_COMMENTS = YES;
				CLANG_WARN_EMPTY_BODY = YES;
				CLANG_WARN_ENUM_CONVERSION = YES;
				CLANG_WARN_INFINITE_RECURSION = YES;
				CLANG_WARN_INT_CONVERSION = YES;
				CLANG_WARN_NON_LITERAL_NULL_CONVERSION = YES;
				CLANG_WARN_OBJC_IMPLICIT_RETAIN_SELF = YES;
				CLANG_WARN_OBJC_LITERAL_CONVERSION = YES;
				CLANG_WARN_OBJC_ROOT_CLASS = YES_ERROR;
				CLANG_WARN_QUOTED_INCLUDE_IN_FRAMEWORK_HEADER = YES;
				CLANG_WARN_RANGE_LOOP_ANALYSIS = YES;
				CLANG_WARN_STRICT_PROTOTYPES = YES;
				CLANG_WARN_SUSPICIOUS_MOVE = YES;
				CLANG_WARN_UNGUARDED_AVAILABILITY = YES_AGGRESSIVE;
				CLANG_WARN_UNREACHABLE_CODE = YES;
				CLANG_WARN__DUPLICATE_METHOD_MATCH = YES;
				COPY_PHASE_STRIP = NO;
				DEBUG_INFORMATION_FORMAT = "dwarf-with-dsym";
				ENABLE_NS_ASSERTIONS = NO;
				ENABLE_STRICT_OBJC_MSGSEND = YES;
				ENABLE_USER_SCRIPT_SANDBOXING = YES;
				GCC_C_LANGUAGE_STANDARD = gnu17;
				GCC_NO_COMMON_BLOCKS = YES;
				GCC_WARN_64_TO_32_BIT_CONVERSION = YES;
				GCC_WARN_ABOUT_RETURN_TYPE = YES_ERROR;
				GCC_WARN_UNDECLARED_SELECTOR = YES;
				GCC_WARN_UNINITIALIZED_AUTOS = YES_AGGRESSIVE;
				GCC_WARN_UNUSED_FUNCTION = YES;
				GCC_WARN_UNUSED_VARIABLE = YES;
				LOCALIZATION_PREFERS_STRING_CATALOGS = YES;
				MTL_ENABLE_DEBUG_INFO = NO;
				MTL_FAST_MATH = YES;
				SDKROOT = xros;
				SWIFT_COMPILATION_MODE = wholemodule;
				VALIDATE_PRODUCT = YES;
				XROS_DEPLOYMENT_TARGET = 1.1;
			};
			name = Release;
		};
		757A1FEC2BB23D1900C2933F /* Debug */ = {
			isa = XCBuildConfiguration;
			buildSettings = {
				ASSETCATALOG_COMPILER_APPICON_NAME = AppIcon;
				ASSETCATALOG_COMPILER_GLOBAL_ACCENT_COLOR_NAME = AccentColor;
				CODE_SIGN_STYLE = Automatic;
				CURRENT_PROJECT_VERSION = 1;
				DEVELOPMENT_ASSET_PATHS = "\"contain/Preview Content\"";
				ENABLE_PREVIEWS = YES;
				GENERATE_INFOPLIST_FILE = YES;
				INFOPLIST_FILE = "$(TARGET_NAME)/Info.plist";
				LD_RUNPATH_SEARCH_PATHS = (
					"$(inherited)",
					"@executable_path/Frameworks",
				);
				MARKETING_VERSION = 1.0;
				PRODUCT_BUNDLE_IDENTIFIER = andrei.contain;
				PRODUCT_NAME = "$(TARGET_NAME)";
				SUPPORTED_PLATFORMS = "xros xrsimulator";
				SWIFT_EMIT_LOC_STRINGS = YES;
				SWIFT_VERSION = 5.0;
				TARGETED_DEVICE_FAMILY = "1,2,7";
			};
			name = Debug;
		};
		757A1FED2BB23D1900C2933F /* Release */ = {
			isa = XCBuildConfiguration;
			buildSettings = {
				ASSETCATALOG_COMPILER_APPICON_NAME = AppIcon;
				ASSETCATALOG_COMPILER_GLOBAL_ACCENT_COLOR_NAME = AccentColor;
				CODE_SIGN_STYLE = Automatic;
				CURRENT_PROJECT_VERSION = 1;
				DEVELOPMENT_ASSET_PATHS = "\"contain/Preview Content\"";
				ENABLE_PREVIEWS = YES;
				GENERATE_INFOPLIST_FILE = YES;
				INFOPLIST_FILE = "$(TARGET_NAME)/Info.plist";
				LD_RUNPATH_SEARCH_PATHS = (
					"$(inherited)",
					"@executable_path/Frameworks",
				);
				MARKETING_VERSION = 1.0;
				PRODUCT_BUNDLE_IDENTIFIER = andrei.contain;
				PRODUCT_NAME = "$(TARGET_NAME)";
				SUPPORTED_PLATFORMS = "xros xrsimulator";
				SWIFT_EMIT_LOC_STRINGS = YES;
				SWIFT_VERSION = 5.0;
				TARGETED_DEVICE_FAMILY = "1,2,7";
			};
			name = Release;
		};
		757A1FEF2BB23D1900C2933F /* Debug */ = {
			isa = XCBuildConfiguration;
			buildSettings = {
				ALWAYS_EMBED_SWIFT_STANDARD_LIBRARIES = YES;
				BUNDLE_LOADER = "$(TEST_HOST)";
				CODE_SIGN_STYLE = Automatic;
				CURRENT_PROJECT_VERSION = 1;
				GENERATE_INFOPLIST_FILE = YES;
				MARKETING_VERSION = 1.0;
				PRODUCT_BUNDLE_IDENTIFIER = andrei.containTests;
				PRODUCT_NAME = "$(TARGET_NAME)";
				SUPPORTED_PLATFORMS = "xros xrsimulator";
				SWIFT_EMIT_LOC_STRINGS = NO;
				SWIFT_VERSION = 5.0;
				TARGETED_DEVICE_FAMILY = "1,2,7";
				TEST_HOST = "$(BUILT_PRODUCTS_DIR)/contain.app/$(BUNDLE_EXECUTABLE_FOLDER_PATH)/contain";
				XROS_DEPLOYMENT_TARGET = 1.1;
			};
			name = Debug;
		};
		757A1FF02BB23D1900C2933F /* Release */ = {
			isa = XCBuildConfiguration;
			buildSettings = {
				ALWAYS_EMBED_SWIFT_STANDARD_LIBRARIES = YES;
				BUNDLE_LOADER = "$(TEST_HOST)";
				CODE_SIGN_STYLE = Automatic;
				CURRENT_PROJECT_VERSION = 1;
				GENERATE_INFOPLIST_FILE = YES;
				MARKETING_VERSION = 1.0;
				PRODUCT_BUNDLE_IDENTIFIER = andrei.containTests;
				PRODUCT_NAME = "$(TARGET_NAME)";
				SUPPORTED_PLATFORMS = "xros xrsimulator";
				SWIFT_EMIT_LOC_STRINGS = NO;
				SWIFT_VERSION = 5.0;
				TARGETED_DEVICE_FAMILY = "1,2,7";
				TEST_HOST = "$(BUILT_PRODUCTS_DIR)/contain.app/$(BUNDLE_EXECUTABLE_FOLDER_PATH)/contain";
				XROS_DEPLOYMENT_TARGET = 1.1;
			};
			name = Release;
		};
/* End XCBuildConfiguration section */

/* Begin XCConfigurationList section */
		757A1FC72BB23D1800C2933F /* Build configuration list for PBXProject "contain" */ = {
			isa = XCConfigurationList;
			buildConfigurations = (
				757A1FE92BB23D1900C2933F /* Debug */,
				757A1FEA2BB23D1900C2933F /* Release */,
			);
			defaultConfigurationIsVisible = 0;
			defaultConfigurationName = Release;
		};
		757A1FEB2BB23D1900C2933F /* Build configuration list for PBXNativeTarget "contain" */ = {
			isa = XCConfigurationList;
			buildConfigurations = (
				757A1FEC2BB23D1900C2933F /* Debug */,
				757A1FED2BB23D1900C2933F /* Release */,
			);
			defaultConfigurationIsVisible = 0;
			defaultConfigurationName = Release;
		};
		757A1FEE2BB23D1900C2933F /* Build configuration list for PBXNativeTarget "containTests" */ = {
			isa = XCConfigurationList;
			buildConfigurations = (
				757A1FEF2BB23D1900C2933F /* Debug */,
				757A1FF02BB23D1900C2933F /* Release */,
			);
			defaultConfigurationIsVisible = 0;
			defaultConfigurationName = Release;
		};
/* End XCConfigurationList section */

/* Begin XCSwiftPackageProductDependency section */
		757A1FD12BB23D1800C2933F /* RealityKitContent */ = {
			isa = XCSwiftPackageProductDependency;
			productName = RealityKitContent;
		};
/* End XCSwiftPackageProductDependency section */
	};
	rootObject = 757A1FC42BB23D1800C2933F /* Project object */;
}
